# This is a comment

# Pin specific versions for reproducibility
certifi==2020.12.5
chardet==4.0.0
decorator==4.4.2
idna==2.10
imageio==2.9.0
imageio-ffmpeg==0.4.3
moviepy==1.0.3
numpy==1.20.2
Pillow==8.2.0
pycryptodomex==3.9.9
pydantic==2.5.2
PySocks==1.7.1
requests==2.25.1
setuptools==53.0.0
tqdm==4.60.0
typing-extensions==3.7.4.3
urllib3==1.26.4
wheel==0.36.2

# Group optional dependencies using comments
# (e.g., for development, testing, or specific features)

# Development dependencies
# -e .[dev]

# Testing dependencies
# -e .[test]

# Feature-specific dependencies
# -e .[feature1]
# -e .[feature2]



pip freeze > requirements.txt
